
Microsoft Visual Studio Solution File, Format Version 12.00
# Visual Studio Version 17
VisualStudioVersion = 17.3.32922.545
MinimumVisualStudioVersion = 10.0.40219.1
Project("{9A19103F-16F7-4668-BE54-9A1E7A4F7556}") = "Hunt Notif", "ProjectInsanityGUI\Hunt Notif.csproj", "{03B3EA74-54BF-4814-9C5D-7438ECAD1BAA}"
EndProject
Global
	GlobalSection(SolutionConfigurationPlatforms) = preSolution
		Debug|Any CPU = Debug|Any CPU
		Release|Any CPU = Release|Any CPU
	EndGlobalSection
	GlobalSection(ProjectConfigurationPlatforms) = postSolution
		{03B3EA74-54BF-4814-9C5D-7438ECAD1BAA}.Debug|Any CPU.ActiveCfg = Debug|Any CPU
		{03B3EA74-54BF-4814-9C5D-7438ECAD1BAA}.Debug|Any CPU.Build.0 = Debug|Any CPU
		{03B3EA74-54BF-4814-9C5D-7438ECAD1BAA}.Release|Any CPU.ActiveCfg = Release|Any CPU
		{03B3EA74-54BF-4814-9C5D-7438ECAD1BAA}.Release|Any CPU.Build.0 = Release|Any CPU
	EndGlobalSection
	GlobalSection(SolutionProperties) = preSolution
		HideSolutionNode = FALSE
	EndGlobalSection
	GlobalSection(ExtensibilityGlobals) = postSolution
		SolutionGuid = {DCB518DF-C19B-4FCA-9458-95AB064FFCAE}
	EndGlobalSection
EndGlobal
